{
  "name": "cmc-ui",
  "version": "0.0.1",
  "lockfileVersion": 1,
  "requires": true,
  "dependencies": {
    "promise-polyfill": {
      "version": "7.1.2",
      "resolved": "https://registry.npmjs.org/promise-polyfill/-/promise-polyfill-7.1.2.tgz",
      "integrity": "sha512-FuEc12/eKqqoRYIGBrUptCBRhobL19PS2U31vMNTfyck1FxPyMfgsXyW4Mav85y/ZN1hop3hOwRlUDok23oYfQ=="
    },
    "shoelace-css": {
      "version": "1.0.0-beta24",
      "resolved": "https://registry.npmjs.org/shoelace-css/-/shoelace-css-1.0.0-beta24.tgz",
      "integrity": "sha512-jr+ZFeR+7X8lAEHWlsi2JFVxiVRhOb4v6QP3xjaqz8LUQykEuUt9TIgEiLlA4rFS+8xJFqVlTbQRUgbgKFhtfg=="
    }
  }
}
